
Microsoft Visual Studio Solution File, Format Version 12.00
# Visual Studio Version 17
VisualStudioVersion = 17.7.34031.279
MinimumVisualStudioVersion = 10.0.40219.1
Project("{FAE04EC0-301F-11D3-BF4B-00C04F79EFBC}") = "ChessBoard", "ChessBoard.csproj", "{617C28AF-C4BB-4DAC-802F-B7C5E79A905B}"
EndProject
Global
	GlobalSection(SolutionConfigurationPlatforms) = preSolution
		Debug|Any CPU = Debug|Any CPU
		Release|Any CPU = Release|Any CPU
	EndGlobalSection
	GlobalSection(ProjectConfigurationPlatforms) = postSolution
		{617C28AF-C4BB-4DAC-802F-B7C5E79A905B}.Debug|Any CPU.ActiveCfg = Debug|Any CPU
		{617C28AF-C4BB-4DAC-802F-B7C5E79A905B}.Debug|Any CPU.Build.0 = Debug|Any CPU
		{617C28AF-C4BB-4DAC-802F-B7C5E79A905B}.Release|Any CPU.ActiveCfg = Release|Any CPU
		{617C28AF-C4BB-4DAC-802F-B7C5E79A905B}.Release|Any CPU.Build.0 = Release|Any CPU
	EndGlobalSection
	GlobalSection(SolutionProperties) = preSolution
		HideSolutionNode = FALSE
	EndGlobalSection
	GlobalSection(ExtensibilityGlobals) = postSolution
		SolutionGuid = {319DD1FE-5074-480C-8EF4-B7372474F6FF}
	EndGlobalSection
EndGlobal
